{
  "name": "2024",
  "version": "1.0.0",
  "lockfileVersion": 3,
  "requires": true,
  "packages": {
    "": {
      "name": "2024",
      "version": "1.0.0",
      "license": "ISC",
      "dependencies": {
        "@amarillion/helixgraph": "^0.7.4"
      }
    },
    "node_modules/@amarillion/helixgraph": {
      "version": "0.7.4",
      "resolved": "https://registry.npmjs.org/@amarillion/helixgraph/-/helixgraph-0.7.4.tgz",
      "integrity": "sha512-7Hd6LNP+EHWGLoahgoBWnonwyScwoCG9uvMi+dlWkOuHIkGo0L1A3kW64+m+kAImDWkmdwunvn+rZzBlUQOc/w=="
    }
  }
}
