{
  "name": "advent-of-code-2022",
  "version": "1.0.0",
  "lockfileVersion": 2,
  "requires": true,
  "packages": {
    "": {
      "name": "advent-of-code-2022",
      "version": "1.0.0",
      "license": "ISC",
      "dependencies": {
        "@amarillion/helixgraph": "^0.7.1",
        "typescript": "^4.9.4"
      }
    },
    "node_modules/@amarillion/helixgraph": {
      "version": "0.7.1",
      "resolved": "https://registry.npmjs.org/@amarillion/helixgraph/-/helixgraph-0.7.1.tgz",
      "integrity": "sha512-FAoi9eraAu1ASmI4dt8GWQP99E+htvCd9ED2ZlGoDcNBV6NTZN+MBprDa0mpOLi6p/0S5QypGuEiYXYejxMHRA=="
    },
    "node_modules/typescript": {
      "version": "4.9.4",
      "resolved": "https://registry.npmjs.org/typescript/-/typescript-4.9.4.tgz",
      "integrity": "sha512-Uz+dTXYzxXXbsFpM86Wh3dKCxrQqUcVMxwU54orwlJjOpO3ao8L7j5lH+dWfTwgCwIuM9GQ2kvVotzYJMXTBZg==",
      "bin": {
        "tsc": "bin/tsc",
        "tsserver": "bin/tsserver"
      },
      "engines": {
        "node": ">=4.2.0"
      }
    }
  },
  "dependencies": {
    "@amarillion/helixgraph": {
      "version": "0.7.1",
      "resolved": "https://registry.npmjs.org/@amarillion/helixgraph/-/helixgraph-0.7.1.tgz",
      "integrity": "sha512-FAoi9eraAu1ASmI4dt8GWQP99E+htvCd9ED2ZlGoDcNBV6NTZN+MBprDa0mpOLi6p/0S5QypGuEiYXYejxMHRA=="
    },
    "typescript": {
      "version": "4.9.4",
      "resolved": "https://registry.npmjs.org/typescript/-/typescript-4.9.4.tgz",
      "integrity": "sha512-Uz+dTXYzxXXbsFpM86Wh3dKCxrQqUcVMxwU54orwlJjOpO3ao8L7j5lH+dWfTwgCwIuM9GQ2kvVotzYJMXTBZg=="
    }
  }
}
