{
  "name": "advent-of-code-2022",
  "version": "1.0.0",
  "lockfileVersion": 2,
  "requires": true,
  "packages": {
    "": {
      "name": "advent-of-code-2022",
      "version": "1.0.0",
      "license": "ISC",
      "dependencies": {
        "@amarillion/helixgraph": "0.7.2",
        "typescript": "5.2.2"
      }
    },
    "node_modules/@amarillion/helixgraph": {
      "version": "0.7.2",
      "resolved": "https://registry.npmjs.org/@amarillion/helixgraph/-/helixgraph-0.7.2.tgz",
      "integrity": "sha512-yy7fFI7AGPQIOjEOLSk0B/uvuBzPTz4qLiisZHzeHkvlsTlSHPzPiJSGFFjY62abFS/sphlO+l77VGBJA9FNBA=="
    },
    "node_modules/typescript": {
      "version": "5.2.2",
      "resolved": "https://registry.npmjs.org/typescript/-/typescript-5.2.2.tgz",
      "integrity": "sha512-mI4WrpHsbCIcwT9cF4FZvr80QUeKvsUsUvKDoR+X/7XHQH98xYD8YHZg7ANtz2GtZt/CBq2QJ0thkGJMHfqc1w==",
      "bin": {
        "tsc": "bin/tsc",
        "tsserver": "bin/tsserver"
      },
      "engines": {
        "node": ">=14.17"
      }
    }
  },
  "dependencies": {
    "@amarillion/helixgraph": {
      "version": "0.7.2",
      "resolved": "https://registry.npmjs.org/@amarillion/helixgraph/-/helixgraph-0.7.2.tgz",
      "integrity": "sha512-yy7fFI7AGPQIOjEOLSk0B/uvuBzPTz4qLiisZHzeHkvlsTlSHPzPiJSGFFjY62abFS/sphlO+l77VGBJA9FNBA=="
    },
    "typescript": {
      "version": "5.2.2",
      "resolved": "https://registry.npmjs.org/typescript/-/typescript-5.2.2.tgz",
      "integrity": "sha512-mI4WrpHsbCIcwT9cF4FZvr80QUeKvsUsUvKDoR+X/7XHQH98xYD8YHZg7ANtz2GtZt/CBq2QJ0thkGJMHfqc1w=="
    }
  }
}
